
Microsoft Visual Studio Solution File, Format Version 12.00
# Visual Studio Version 16
VisualStudioVersion = 16.0.31321.278
MinimumVisualStudioVersion = 10.0.40219.1
Project("{9A19103F-16F7-4668-BE54-9A1E7A4F7556}") = "RSSLibrary", "RSSLibrary\RSSLibrary.csproj", "{F125CC26-6072-4470-9F65-92F35EDD5CA6}"
EndProject
Project("{9A19103F-16F7-4668-BE54-9A1E7A4F7556}") = "RichClientApplication", "RichClientApplication\RichClientApplication.csproj", "{3C788865-2B04-460E-86B1-06CEF7A0B2DD}"
EndProject
Project("{9A19103F-16F7-4668-BE54-9A1E7A4F7556}") = "Ebeling.Brian.BBCAngular", "Ebeling.Brian.BBCAngular\Ebeling.Brian.BBCAngular.csproj", "{14BD95A4-3414-40CC-90D9-6492ACB0656B}"
EndProject
Project("{9A19103F-16F7-4668-BE54-9A1E7A4F7556}") = "RSSLibrary.IntegrationTest", "RSSLibrary.IntegrationTest\RSSLibrary.IntegrationTest.csproj", "{BDC7783E-426E-4F01-8B7A-29A0F13525B4}"
EndProject
Project("{2150E333-8FDC-42A3-9474-1A3956D46DE8}") = "Solution Items", "Solution Items", "{B19ED9C8-776B-4A14-AB0C-8B927804A9C5}"
	ProjectSection(SolutionItems) = preProject
		readme.md = readme.md
	EndProjectSection
EndProject
Global
	GlobalSection(SolutionConfigurationPlatforms) = preSolution
		Debug|Any CPU = Debug|Any CPU
		Release|Any CPU = Release|Any CPU
	EndGlobalSection
	GlobalSection(ProjectConfigurationPlatforms) = postSolution
		{F125CC26-6072-4470-9F65-92F35EDD5CA6}.Debug|Any CPU.ActiveCfg = Debug|Any CPU
		{F125CC26-6072-4470-9F65-92F35EDD5CA6}.Debug|Any CPU.Build.0 = Debug|Any CPU
		{F125CC26-6072-4470-9F65-92F35EDD5CA6}.Release|Any CPU.ActiveCfg = Release|Any CPU
		{F125CC26-6072-4470-9F65-92F35EDD5CA6}.Release|Any CPU.Build.0 = Release|Any CPU
		{3C788865-2B04-460E-86B1-06CEF7A0B2DD}.Debug|Any CPU.ActiveCfg = Debug|Any CPU
		{3C788865-2B04-460E-86B1-06CEF7A0B2DD}.Debug|Any CPU.Build.0 = Debug|Any CPU
		{3C788865-2B04-460E-86B1-06CEF7A0B2DD}.Release|Any CPU.ActiveCfg = Release|Any CPU
		{3C788865-2B04-460E-86B1-06CEF7A0B2DD}.Release|Any CPU.Build.0 = Release|Any CPU
		{14BD95A4-3414-40CC-90D9-6492ACB0656B}.Debug|Any CPU.ActiveCfg = Debug|Any CPU
		{14BD95A4-3414-40CC-90D9-6492ACB0656B}.Debug|Any CPU.Build.0 = Debug|Any CPU
		{14BD95A4-3414-40CC-90D9-6492ACB0656B}.Release|Any CPU.ActiveCfg = Release|Any CPU
		{14BD95A4-3414-40CC-90D9-6492ACB0656B}.Release|Any CPU.Build.0 = Release|Any CPU
		{BDC7783E-426E-4F01-8B7A-29A0F13525B4}.Debug|Any CPU.ActiveCfg = Debug|Any CPU
		{BDC7783E-426E-4F01-8B7A-29A0F13525B4}.Debug|Any CPU.Build.0 = Debug|Any CPU
		{BDC7783E-426E-4F01-8B7A-29A0F13525B4}.Release|Any CPU.ActiveCfg = Release|Any CPU
		{BDC7783E-426E-4F01-8B7A-29A0F13525B4}.Release|Any CPU.Build.0 = Release|Any CPU
	EndGlobalSection
	GlobalSection(SolutionProperties) = preSolution
		HideSolutionNode = FALSE
	EndGlobalSection
	GlobalSection(ExtensibilityGlobals) = postSolution
		SolutionGuid = {EC9D3B67-4AAF-4032-841F-FBD786FD66F4}
	EndGlobalSection
EndGlobal
